github.com/bwmarrin/discordgo v0.18.0 h1:XopVQXCIFy7Cr2eT7NcYcm4k0l2PYX+AP5RUbIWX2/8=
github.com/bwmarrin/discordgo v0.18.0/go.mod h1:5NIvFv5Z7HddYuXbuQegZ684DleQaCFqChP2iuBivJ8=
github.com/gomodule/redigo v2.0.0+incompatible h1:K/R+8tc58AaqLkqG2Ol3Qk+DR/TlNuhuh457pBFPtt0=
github.com/gomodule/redigo v2.0.0+incompatible/go.mod h1:B4C85qUVwatsJoIUNIfCRsp7qO0iAmpGFZ4EELWSbC4=
github.com/gopherpun/redis_queue v0.0.0-20180907034755-74fb9837a553 h1:05IFlpUPJHRRArbUaEeVUZJGR2aiZBQh50S2w3tr1l0=
github.com/gopherpun/redis_queue v0.0.0-20180907034755-74fb9837a553/go.mod h1:4ukVWzPJytRpCTI6XakQMoiosDdnvxhCVbDLvx0mMgs=
github.com/gopherpun/redis_queue v0.0.0-20180907184208-5e2f56e521c5 h1:azn2wZpj8vS7iYm8sHEeVVausiOitCyJMj997cAXdlU=
github.com/gopherpun/redis_queue v0.0.0-20180907184208-5e2f56e521c5/go.mod h1:4ukVWzPJytRpCTI6XakQMoiosDdnvxhCVbDLvx0mMgs=
github.com/gopherpun/redis_queue v0.0.0-20180911034032-5ed04354e695 h1:zd67sRxL7vZvXIs64PfrTn7rFrm1hzFpzkaNgwlYRsA=
github.com/gopherpun/redis_queue v0.0.0-20180911034032-5ed04354e695/go.mod h1:4ukVWzPJytRpCTI6XakQMoiosDdnvxhCVbDLvx0mMgs=
github.com/gorilla/websocket v1.4.0 h1:WDFjx/TMzVgy9VdMMQi2K2Emtwi2QcUQsztZ/zLaH/Q=
github.com/gorilla/websocket v1.4.0/go.mod h1:E7qHFY5m1UJ88s3WnNqhKjPHQ0heANvMoAMk2YaljkQ=
golang.org/x/crypto v0.0.0-20180904163835-0709b304e793 h1:u+LnwYTOOW7Ukr/fppxEb1Nwz0AtPflrblfvUudpo+I=
golang.org/x/crypto v0.0.0-20180904163835-0709b304e793/go.mod h1:6SG95UA2DQfeDnfUPMdvaQW0Q7yPrPDi9nlGo2tz2b4=
golang.org/x/tools v0.0.0-20180904205237-0aa4b8830f48/go.mod h1:n7NCudcB/nEzxVGmLbDWY5pfWTLqBcC2KZ6jyYvM4mQ=
